
Microsoft Visual Studio Solution File, Format Version 12.00
# Visual Studio Version 17
VisualStudioVersion = 17.14.36429.23 d17.14
MinimumVisualStudioVersion = 10.0.40219.1
Project("{FAE04EC0-301F-11D3-BF4B-00C04F79EFBC}") = "AstronautSchedule.App", "AstronautSchedule.App\AstronautSchedule.App.csproj", "{4A9D4616-E3B4-4B11-9665-711BF3FF7D95}"
EndProject
Project("{2150E333-8FDC-42A3-9474-1A3956D46DE8}") = "AstronautSchedule", "AstronautSchedule", "{02EA681E-C7D8-13C7-8484-4AC65E1B71E8}"
EndProject
Project("{FAE04EC0-301F-11D3-BF4B-00C04F79EFBC}") = "AstronautSchedule.Core", "AstronautSchedule.Core\AstronautSchedule.Core.csproj", "{8E1E6928-D5C7-4D57-AE2B-1242F301C16A}"
EndProject
Project("{FAE04EC0-301F-11D3-BF4B-00C04F79EFBC}") = "AstronautSchedule.Tests", "AstronautSchedule.Tests\AstronautSchedule.Tests.csproj", "{34332840-4EFC-4319-B9E1-741B4E727741}"
EndProject
Global
	GlobalSection(SolutionConfigurationPlatforms) = preSolution
		Debug|Any CPU = Debug|Any CPU
		Release|Any CPU = Release|Any CPU
	EndGlobalSection
	GlobalSection(ProjectConfigurationPlatforms) = postSolution
		{4A9D4616-E3B4-4B11-9665-711BF3FF7D95}.Debug|Any CPU.ActiveCfg = Debug|Any CPU
		{4A9D4616-E3B4-4B11-9665-711BF3FF7D95}.Debug|Any CPU.Build.0 = Debug|Any CPU
		{4A9D4616-E3B4-4B11-9665-711BF3FF7D95}.Release|Any CPU.ActiveCfg = Release|Any CPU
		{4A9D4616-E3B4-4B11-9665-711BF3FF7D95}.Release|Any CPU.Build.0 = Release|Any CPU
		{8E1E6928-D5C7-4D57-AE2B-1242F301C16A}.Debug|Any CPU.ActiveCfg = Debug|Any CPU
		{8E1E6928-D5C7-4D57-AE2B-1242F301C16A}.Debug|Any CPU.Build.0 = Debug|Any CPU
		{8E1E6928-D5C7-4D57-AE2B-1242F301C16A}.Release|Any CPU.ActiveCfg = Release|Any CPU
		{8E1E6928-D5C7-4D57-AE2B-1242F301C16A}.Release|Any CPU.Build.0 = Release|Any CPU
		{34332840-4EFC-4319-B9E1-741B4E727741}.Debug|Any CPU.ActiveCfg = Debug|Any CPU
		{34332840-4EFC-4319-B9E1-741B4E727741}.Debug|Any CPU.Build.0 = Debug|Any CPU
		{34332840-4EFC-4319-B9E1-741B4E727741}.Release|Any CPU.ActiveCfg = Release|Any CPU
		{34332840-4EFC-4319-B9E1-741B4E727741}.Release|Any CPU.Build.0 = Release|Any CPU
	EndGlobalSection
	GlobalSection(SolutionProperties) = preSolution
		HideSolutionNode = FALSE
	EndGlobalSection
	GlobalSection(NestedProjects) = preSolution
		{4A9D4616-E3B4-4B11-9665-711BF3FF7D95} = {02EA681E-C7D8-13C7-8484-4AC65E1B71E8}
		{8E1E6928-D5C7-4D57-AE2B-1242F301C16A} = {02EA681E-C7D8-13C7-8484-4AC65E1B71E8}
		{34332840-4EFC-4319-B9E1-741B4E727741} = {02EA681E-C7D8-13C7-8484-4AC65E1B71E8}
	EndGlobalSection
	GlobalSection(ExtensibilityGlobals) = postSolution
		SolutionGuid = {3C65481E-7DDC-4E8A-A052-2222B3AF2C4A}
	EndGlobalSection
EndGlobal
